
Microsoft Visual Studio Solution File, Format Version 12.00
# Visual Studio Version 17
VisualStudioVersion = 17.0.31903.59
MinimumVisualStudioVersion = 10.0.40219.1
Project("{FAE04EC0-301F-11D3-BF4B-00C04F79EFBC}") = "GlassRain.Api", "GlassRain.Api\GlassRain.Api.csproj", "{C95F0170-291B-4BA4-A69C-F05DA1410040}"
EndProject
Project("{FAE04EC0-301F-11D3-BF4B-00C04F79EFBC}") = "GlassRain.Domain", "GlassRain.Domain\GlassRain.Domain.csproj", "{90687F4B-A2F9-4F41-A08D-644BBBEFC6A8}"
EndProject
Project("{FAE04EC0-301F-11D3-BF4B-00C04F79EFBC}") = "GlassRain.Data", "GlassRain.Data\GlassRain.Data.csproj", "{EE8D8CD4-B7BC-4EC9-AEFC-B1C7771DE042}"
EndProject
Global
	GlobalSection(SolutionConfigurationPlatforms) = preSolution
		Debug|Any CPU = Debug|Any CPU
		Debug|x64 = Debug|x64
		Debug|x86 = Debug|x86
		Release|Any CPU = Release|Any CPU
		Release|x64 = Release|x64
		Release|x86 = Release|x86
	EndGlobalSection
	GlobalSection(ProjectConfigurationPlatforms) = postSolution
		{C95F0170-291B-4BA4-A69C-F05DA1410040}.Debug|Any CPU.ActiveCfg = Debug|Any CPU
		{C95F0170-291B-4BA4-A69C-F05DA1410040}.Debug|Any CPU.Build.0 = Debug|Any CPU
		{C95F0170-291B-4BA4-A69C-F05DA1410040}.Debug|x64.ActiveCfg = Debug|Any CPU
		{C95F0170-291B-4BA4-A69C-F05DA1410040}.Debug|x64.Build.0 = Debug|Any CPU
		{C95F0170-291B-4BA4-A69C-F05DA1410040}.Debug|x86.ActiveCfg = Debug|Any CPU
		{C95F0170-291B-4BA4-A69C-F05DA1410040}.Debug|x86.Build.0 = Debug|Any CPU
		{C95F0170-291B-4BA4-A69C-F05DA1410040}.Release|Any CPU.ActiveCfg = Release|Any CPU
		{C95F0170-291B-4BA4-A69C-F05DA1410040}.Release|Any CPU.Build.0 = Release|Any CPU
		{C95F0170-291B-4BA4-A69C-F05DA1410040}.Release|x64.ActiveCfg = Release|Any CPU
		{C95F0170-291B-4BA4-A69C-F05DA1410040}.Release|x64.Build.0 = Release|Any CPU
		{C95F0170-291B-4BA4-A69C-F05DA1410040}.Release|x86.ActiveCfg = Release|Any CPU
		{C95F0170-291B-4BA4-A69C-F05DA1410040}.Release|x86.Build.0 = Release|Any CPU
		{90687F4B-A2F9-4F41-A08D-644BBBEFC6A8}.Debug|Any CPU.ActiveCfg = Debug|Any CPU
		{90687F4B-A2F9-4F41-A08D-644BBBEFC6A8}.Debug|Any CPU.Build.0 = Debug|Any CPU
		{90687F4B-A2F9-4F41-A08D-644BBBEFC6A8}.Debug|x64.ActiveCfg = Debug|Any CPU
		{90687F4B-A2F9-4F41-A08D-644BBBEFC6A8}.Debug|x64.Build.0 = Debug|Any CPU
		{90687F4B-A2F9-4F41-A08D-644BBBEFC6A8}.Debug|x86.ActiveCfg = Debug|Any CPU
		{90687F4B-A2F9-4F41-A08D-644BBBEFC6A8}.Debug|x86.Build.0 = Debug|Any CPU
		{90687F4B-A2F9-4F41-A08D-644BBBEFC6A8}.Release|Any CPU.ActiveCfg = Release|Any CPU
		{90687F4B-A2F9-4F41-A08D-644BBBEFC6A8}.Release|Any CPU.Build.0 = Release|Any CPU
		{90687F4B-A2F9-4F41-A08D-644BBBEFC6A8}.Release|x64.ActiveCfg = Release|Any CPU
		{90687F4B-A2F9-4F41-A08D-644BBBEFC6A8}.Release|x64.Build.0 = Release|Any CPU
		{90687F4B-A2F9-4F41-A08D-644BBBEFC6A8}.Release|x86.ActiveCfg = Release|Any CPU
		{90687F4B-A2F9-4F41-A08D-644BBBEFC6A8}.Release|x86.Build.0 = Release|Any CPU
		{EE8D8CD4-B7BC-4EC9-AEFC-B1C7771DE042}.Debug|Any CPU.ActiveCfg = Debug|Any CPU
		{EE8D8CD4-B7BC-4EC9-AEFC-B1C7771DE042}.Debug|Any CPU.Build.0 = Debug|Any CPU
		{EE8D8CD4-B7BC-4EC9-AEFC-B1C7771DE042}.Debug|x64.ActiveCfg = Debug|Any CPU
		{EE8D8CD4-B7BC-4EC9-AEFC-B1C7771DE042}.Debug|x64.Build.0 = Debug|Any CPU
		{EE8D8CD4-B7BC-4EC9-AEFC-B1C7771DE042}.Debug|x86.ActiveCfg = Debug|Any CPU
		{EE8D8CD4-B7BC-4EC9-AEFC-B1C7771DE042}.Debug|x86.Build.0 = Debug|Any CPU
		{EE8D8CD4-B7BC-4EC9-AEFC-B1C7771DE042}.Release|Any CPU.ActiveCfg = Release|Any CPU
		{EE8D8CD4-B7BC-4EC9-AEFC-B1C7771DE042}.Release|Any CPU.Build.0 = Release|Any CPU
		{EE8D8CD4-B7BC-4EC9-AEFC-B1C7771DE042}.Release|x64.ActiveCfg = Release|Any CPU
		{EE8D8CD4-B7BC-4EC9-AEFC-B1C7771DE042}.Release|x64.Build.0 = Release|Any CPU
		{EE8D8CD4-B7BC-4EC9-AEFC-B1C7771DE042}.Release|x86.ActiveCfg = Release|Any CPU
		{EE8D8CD4-B7BC-4EC9-AEFC-B1C7771DE042}.Release|x86.Build.0 = Release|Any CPU
	EndGlobalSection
	GlobalSection(SolutionProperties) = preSolution
		HideSolutionNode = FALSE
	EndGlobalSection
EndGlobal
